// !$*UTF8*$!
{
	archiveVersion = 1;
	classes = {
	};
	objectVersion = 56;
	objects = {

/* Begin PBXBuildFile section */
		760F2F7C2C7F636E008BB009 /* GroupApp.swift in Sources */ = {isa = PBXBuildFile; fileRef = 760F2F7B2C7F636E008BB009 /* GroupApp.swift */; };
		760F2F802C7F6370008BB009 /* Assets.xcassets in Resources */ = {isa = PBXBuildFile; fileRef = 760F2F7F2C7F6370008BB009 /* Assets.xcassets */; };
		760F2F832C7F6370008BB009 /* Preview Assets.xcassets in Resources */ = {isa = PBXBuildFile; fileRef = 760F2F822C7F6370008BB009 /* Preview Assets.xcassets */; };
		760F2F852C7F6370008BB009 /* Persistence.swift in Sources */ = {isa = PBXBuildFile; fileRef = 760F2F842C7F6370008BB009 /* Persistence.swift */; };
		760F2F882C7F6370008BB009 /* GroupApp.xcdatamodeld in Sources */ = {isa = PBXBuildFile; fileRef = 760F2F862C7F6370008BB009 /* GroupApp.xcdatamodeld */; };
		760F2F982C7F6C8B008BB009 /* GroupEntity+CoreDataClass.swift in Sources */ = {isa = PBXBuildFile; fileRef = 760F2F962C7F6C8B008BB009 /* GroupEntity+CoreDataClass.swift */; };
		760F2F992C7F6C8B008BB009 /* GroupEntity+CoreDataProperties.swift in Sources */ = {isa = PBXBuildFile; fileRef = 760F2F972C7F6C8B008BB009 /* GroupEntity+CoreDataProperties.swift */; };
		760F2F9C2C7F6E93008BB009 /* Group.swift in Sources */ = {isa = PBXBuildFile; fileRef = 760F2F9B2C7F6E93008BB009 /* Group.swift */; };
		760F2F9F2C7F6EB7008BB009 /* GroupViewModel.swift in Sources */ = {isa = PBXBuildFile; fileRef = 760F2F9E2C7F6EB7008BB009 /* GroupViewModel.swift */; };
		760F2FA22C7F6ECF008BB009 /* RequestServices.swift in Sources */ = {isa = PBXBuildFile; fileRef = 760F2FA12C7F6ECF008BB009 /* RequestServices.swift */; };
		760F2FA62C7F6EE2008BB009 /* NetworkError.swift in Sources */ = {isa = PBXBuildFile; fileRef = 760F2FA42C7F6EE2008BB009 /* NetworkError.swift */; };
		760F2FA72C7F6EE2008BB009 /* Constants.swift in Sources */ = {isa = PBXBuildFile; fileRef = 760F2FA52C7F6EE2008BB009 /* Constants.swift */; };
		760F2FAB2C7F6F84008BB009 /* MainTabView.swift in Sources */ = {isa = PBXBuildFile; fileRef = 760F2FAA2C7F6F84008BB009 /* MainTabView.swift */; };
		7694FDFB2C8032A200F450B0 /* GroupView.swift in Sources */ = {isa = PBXBuildFile; fileRef = 7694FDFA2C8032A200F450B0 /* GroupView.swift */; };
		7694FDFF2C80345800F450B0 /* RoundedCornerShape.swift in Sources */ = {isa = PBXBuildFile; fileRef = 7694FDFE2C80345800F450B0 /* RoundedCornerShape.swift */; };
		7694FE012C80349200F450B0 /* GroupListView.swift in Sources */ = {isa = PBXBuildFile; fileRef = 7694FE002C80349200F450B0 /* GroupListView.swift */; };
		7694FE032C8034C100F450B0 /* GroupRowView.swift in Sources */ = {isa = PBXBuildFile; fileRef = 7694FE022C8034C100F450B0 /* GroupRowView.swift */; };
		7694FE062C8046C700F450B0 /* GroupInfoScreen.swift in Sources */ = {isa = PBXBuildFile; fileRef = 7694FE052C8046C600F450B0 /* GroupInfoScreen.swift */; };
		7694FE092C804A8700F450B0 /* Kingfisher in Frameworks */ = {isa = PBXBuildFile; productRef = 7694FE082C804A8700F450B0 /* Kingfisher */; };
		7694FE0C2C8061A000F450B0 /* Color.swift in Sources */ = {isa = PBXBuildFile; fileRef = 7694FE0B2C8061A000F450B0 /* Color.swift */; };
		7694FE0F2C80B36C00F450B0 /* EditScreen.swift in Sources */ = {isa = PBXBuildFile; fileRef = 7694FE0E2C80B36C00F450B0 /* EditScreen.swift */; };
		76B4D0462C86C28A0072BEDC /* GroupInfoViewModel.swift in Sources */ = {isa = PBXBuildFile; fileRef = 76B4D0452C86C28A0072BEDC /* GroupInfoViewModel.swift */; };
		76B4D0482C86C29B0072BEDC /* EditGroupViewModel.swift in Sources */ = {isa = PBXBuildFile; fileRef = 76B4D0472C86C29B0072BEDC /* EditGroupViewModel.swift */; };
/* End PBXBuildFile section */

/* Begin PBXFileReference section */
		760F2F782C7F636E008BB009 /* GroupApp.app */ = {isa = PBXFileReference; explicitFileType = wrapper.application; includeInIndex = 0; path = GroupApp.app; sourceTree = BUILT_PRODUCTS_DIR; };
		760F2F7B2C7F636E008BB009 /* GroupApp.swift */ = {isa = PBXFileReference; lastKnownFileType = sourcecode.swift; path = GroupApp.swift; sourceTree = "<group>"; };
		760F2F7F2C7F6370008BB009 /* Assets.xcassets */ = {isa = PBXFileReference; lastKnownFileType = folder.assetcatalog; path = Assets.xcassets; sourceTree = "<group>"; };
		760F2F822C7F6370008BB009 /* Preview Assets.xcassets */ = {isa = PBXFileReference; lastKnownFileType = folder.assetcatalog; path = "Preview Assets.xcassets"; sourceTree = "<group>"; };
		760F2F842C7F6370008BB009 /* Persistence.swift */ = {isa = PBXFileReference; lastKnownFileType = sourcecode.swift; path = Persistence.swift; sourceTree = "<group>"; };
		760F2F872C7F6370008BB009 /* GroupApp.xcdatamodel */ = {isa = PBXFileReference; lastKnownFileType = wrapper.xcdatamodel; path = GroupApp.xcdatamodel; sourceTree = "<group>"; };
		760F2F962C7F6C8B008BB009 /* GroupEntity+CoreDataClass.swift */ = {isa = PBXFileReference; lastKnownFileType = sourcecode.swift; path = "GroupEntity+CoreDataClass.swift"; sourceTree = "<group>"; };
		760F2F972C7F6C8B008BB009 /* GroupEntity+CoreDataProperties.swift */ = {isa = PBXFileReference; lastKnownFileType = sourcecode.swift; path = "GroupEntity+CoreDataProperties.swift"; sourceTree = "<group>"; };
		760F2F9B2C7F6E93008BB009 /* Group.swift */ = {isa = PBXFileReference; fileEncoding = 4; lastKnownFileType = sourcecode.swift; path = Group.swift; sourceTree = "<group>"; };
		760F2F9E2C7F6EB7008BB009 /* GroupViewModel.swift */ = {isa = PBXFileReference; fileEncoding = 4; lastKnownFileType = sourcecode.swift; path = GroupViewModel.swift; sourceTree = "<group>"; };
		760F2FA12C7F6ECF008BB009 /* RequestServices.swift */ = {isa = PBXFileReference; fileEncoding = 4; lastKnownFileType = sourcecode.swift; path = RequestServices.swift; sourceTree = "<group>"; };
		760F2FA42C7F6EE2008BB009 /* NetworkError.swift */ = {isa = PBXFileReference; fileEncoding = 4; lastKnownFileType = sourcecode.swift; path = NetworkError.swift; sourceTree = "<group>"; };
		760F2FA52C7F6EE2008BB009 /* Constants.swift */ = {isa = PBXFileReference; fileEncoding = 4; lastKnownFileType = sourcecode.swift; path = Constants.swift; sourceTree = "<group>"; };
		760F2FA82C7F6F14008BB009 /* Info.plist */ = {isa = PBXFileReference; lastKnownFileType = text.plist.xml; path = Info.plist; sourceTree = "<group>"; };
		760F2FAA2C7F6F84008BB009 /* MainTabView.swift */ = {isa = PBXFileReference; fileEncoding = 4; lastKnownFileType = sourcecode.swift; path = MainTabView.swift; sourceTree = "<group>"; };
		7694FDFA2C8032A200F450B0 /* GroupView.swift */ = {isa = PBXFileReference; lastKnownFileType = sourcecode.swift; path = GroupView.swift; sourceTree = "<group>"; };
		7694FDFE2C80345800F450B0 /* RoundedCornerShape.swift */ = {isa = PBXFileReference; lastKnownFileType = sourcecode.swift; path = RoundedCornerShape.swift; sourceTree = "<group>"; };
		7694FE002C80349200F450B0 /* GroupListView.swift */ = {isa = PBXFileReference; lastKnownFileType = sourcecode.swift; path = GroupListView.swift; sourceTree = "<group>"; };
		7694FE022C8034C100F450B0 /* GroupRowView.swift */ = {isa = PBXFileReference; lastKnownFileType = sourcecode.swift; path = GroupRowView.swift; sourceTree = "<group>"; };
		7694FE052C8046C600F450B0 /* GroupInfoScreen.swift */ = {isa = PBXFileReference; lastKnownFileType = sourcecode.swift; path = GroupInfoScreen.swift; sourceTree = "<group>"; };
		7694FE0B2C8061A000F450B0 /* Color.swift */ = {isa = PBXFileReference; fileEncoding = 4; lastKnownFileType = sourcecode.swift; path = Color.swift; sourceTree = "<group>"; };
		7694FE0E2C80B36C00F450B0 /* EditScreen.swift */ = {isa = PBXFileReference; lastKnownFileType = sourcecode.swift; path = EditScreen.swift; sourceTree = "<group>"; };
		76B4D0452C86C28A0072BEDC /* GroupInfoViewModel.swift */ = {isa = PBXFileReference; lastKnownFileType = sourcecode.swift; path = GroupInfoViewModel.swift; sourceTree = "<group>"; };
		76B4D0472C86C29B0072BEDC /* EditGroupViewModel.swift */ = {isa = PBXFileReference; lastKnownFileType = sourcecode.swift; path = EditGroupViewModel.swift; sourceTree = "<group>"; };
/* End PBXFileReference section */

/* Begin PBXFrameworksBuildPhase section */
		760F2F752C7F636E008BB009 /* Frameworks */ = {
			isa = PBXFrameworksBuildPhase;
			buildActionMask = 2147483647;
			files = (
				7694FE092C804A8700F450B0 /* Kingfisher in Frameworks */,
			);
			runOnlyForDeploymentPostprocessing = 0;
		};
/* End PBXFrameworksBuildPhase section */

/* Begin PBXGroup section */
		760F2F6F2C7F636E008BB009 = {
			isa = PBXGroup;
			children = (
				760F2F7A2C7F636E008BB009 /* GroupApp */,
				760F2F792C7F636E008BB009 /* Products */,
			);
			sourceTree = "<group>";
		};
		760F2F792C7F636E008BB009 /* Products */ = {
			isa = PBXGroup;
			children = (
				760F2F782C7F636E008BB009 /* GroupApp.app */,
			);
			name = Products;
			sourceTree = "<group>";
		};
		760F2F7A2C7F636E008BB009 /* GroupApp */ = {
			isa = PBXGroup;
			children = (
				760F2FA82C7F6F14008BB009 /* Info.plist */,
				7698A9D42C81A005000D2EA3 /* App */,
				760F2F9A2C7F6E8A008BB009 /* Model */,
				760F2FA92C7F6F78008BB009 /* Views */,
				760F2F9D2C7F6EA0008BB009 /* ViewModel */,
				7644F93F2C82EACB004F7312 /* Common */,
				760F2F812C7F6370008BB009 /* Preview Content */,
			);
			path = GroupApp;
			sourceTree = "<group>";
		};
		760F2F812C7F6370008BB009 /* Preview Content */ = {
			isa = PBXGroup;
			children = (
				760F2F822C7F6370008BB009 /* Preview Assets.xcassets */,
			);
			path = "Preview Content";
			sourceTree = "<group>";
		};
		760F2F9A2C7F6E8A008BB009 /* Model */ = {
			isa = PBXGroup;
			children = (
				760F2F9B2C7F6E93008BB009 /* Group.swift */,
			);
			path = Model;
			sourceTree = "<group>";
		};
		760F2F9D2C7F6EA0008BB009 /* ViewModel */ = {
			isa = PBXGroup;
			children = (
				760F2F9E2C7F6EB7008BB009 /* GroupViewModel.swift */,
				76B4D0452C86C28A0072BEDC /* GroupInfoViewModel.swift */,
				76B4D0472C86C29B0072BEDC /* EditGroupViewModel.swift */,
			);
			path = ViewModel;
			sourceTree = "<group>";
		};
		760F2FA02C7F6EC1008BB009 /* Services */ = {
			isa = PBXGroup;
			children = (
				760F2FA12C7F6ECF008BB009 /* RequestServices.swift */,
			);
			path = Services;
			sourceTree = "<group>";
		};
		760F2FA32C7F6ED4008BB009 /* Utils */ = {
			isa = PBXGroup;
			children = (
				760F2FA52C7F6EE2008BB009 /* Constants.swift */,
				760F2FA42C7F6EE2008BB009 /* NetworkError.swift */,
			);
			path = Utils;
			sourceTree = "<group>";
		};
		760F2FA92C7F6F78008BB009 /* Views */ = {
			isa = PBXGroup;
			children = (
				7698A9D22C819F7E000D2EA3 /* GroupFeature */,
			);
			path = Views;
			sourceTree = "<group>";
		};
		7644F93F2C82EACB004F7312 /* Common */ = {
			isa = PBXGroup;
			children = (
				7698A9D32C819FA8000D2EA3 /* Shared */,
				760F2FA32C7F6ED4008BB009 /* Utils */,
				760F2FA02C7F6EC1008BB009 /* Services */,
				7698A9D52C81A033000D2EA3 /* Resources */,
				7694FDDF2C80249900F450B0 /* PersistentData */,
			);
			path = Common;
			sourceTree = "<group>";
		};
		7694FDDF2C80249900F450B0 /* PersistentData */ = {
			isa = PBXGroup;
			children = (
				760F2F962C7F6C8B008BB009 /* GroupEntity+CoreDataClass.swift */,
				760F2F972C7F6C8B008BB009 /* GroupEntity+CoreDataProperties.swift */,
				760F2F842C7F6370008BB009 /* Persistence.swift */,
				760F2F862C7F6370008BB009 /* GroupApp.xcdatamodeld */,
			);
			path = PersistentData;
			sourceTree = "<group>";
		};
		7694FDFC2C80338900F450B0 /* HomeView */ = {
			isa = PBXGroup;
			children = (
				760F2FAA2C7F6F84008BB009 /* MainTabView.swift */,
				7694FDFA2C8032A200F450B0 /* GroupView.swift */,
				7694FE002C80349200F450B0 /* GroupListView.swift */,
				7694FE022C8034C100F450B0 /* GroupRowView.swift */,
			);
			path = HomeView;
			sourceTree = "<group>";
		};
		7694FDFD2C80343D00F450B0 /* Shapes */ = {
			isa = PBXGroup;
			children = (
				7694FDFE2C80345800F450B0 /* RoundedCornerShape.swift */,
			);
			path = Shapes;
			sourceTree = "<group>";
		};
		7694FE042C8046AF00F450B0 /* DetailView */ = {
			isa = PBXGroup;
			children = (
				7694FE052C8046C600F450B0 /* GroupInfoScreen.swift */,
			);
			path = DetailView;
			sourceTree = "<group>";
		};
		7694FE0A2C80619200F450B0 /* Extensions */ = {
			isa = PBXGroup;
			children = (
				7694FE0B2C8061A000F450B0 /* Color.swift */,
			);
			path = Extensions;
			sourceTree = "<group>";
		};
		7694FE0D2C80B2F000F450B0 /* EditView */ = {
			isa = PBXGroup;
			children = (
				7694FE0E2C80B36C00F450B0 /* EditScreen.swift */,
			);
			path = EditView;
			sourceTree = "<group>";
		};
		7698A9D22C819F7E000D2EA3 /* GroupFeature */ = {
			isa = PBXGroup;
			children = (
				7694FDFC2C80338900F450B0 /* HomeView */,
				7694FE042C8046AF00F450B0 /* DetailView */,
				7694FE0D2C80B2F000F450B0 /* EditView */,
			);
			path = GroupFeature;
			sourceTree = "<group>";
		};
		7698A9D32C819FA8000D2EA3 /* Shared */ = {
			isa = PBXGroup;
			children = (
				7694FE0A2C80619200F450B0 /* Extensions */,
				7694FDFD2C80343D00F450B0 /* Shapes */,
			);
			path = Shared;
			sourceTree = "<group>";
		};
		7698A9D42C81A005000D2EA3 /* App */ = {
			isa = PBXGroup;
			children = (
				760F2F7B2C7F636E008BB009 /* GroupApp.swift */,
			);
			path = App;
			sourceTree = "<group>";
		};
		7698A9D52C81A033000D2EA3 /* Resources */ = {
			isa = PBXGroup;
			children = (
				760F2F7F2C7F6370008BB009 /* Assets.xcassets */,
			);
			path = Resources;
			sourceTree = "<group>";
		};
/* End PBXGroup section */

/* Begin PBXNativeTarget section */
		760F2F772C7F636E008BB009 /* GroupApp */ = {
			isa = PBXNativeTarget;
			buildConfigurationList = 760F2F8B2C7F6370008BB009 /* Build configuration list for PBXNativeTarget "GroupApp" */;
			buildPhases = (
				760F2F742C7F636E008BB009 /* Sources */,
				760F2F752C7F636E008BB009 /* Frameworks */,
				760F2F762C7F636E008BB009 /* Resources */,
			);
			buildRules = (
			);
			dependencies = (
			);
			name = GroupApp;
			packageProductDependencies = (
				7694FE082C804A8700F450B0 /* Kingfisher */,
			);
			productName = GroupApp;
			productReference = 760F2F782C7F636E008BB009 /* GroupApp.app */;
			productType = "com.apple.product-type.application";
		};
/* End PBXNativeTarget section */

/* Begin PBXProject section */
		760F2F702C7F636E008BB009 /* Project object */ = {
			isa = PBXProject;
			attributes = {
				BuildIndependentTargetsInParallel = 1;
				LastSwiftUpdateCheck = 1540;
				LastUpgradeCheck = 1540;
				TargetAttributes = {
					760F2F772C7F636E008BB009 = {
						CreatedOnToolsVersion = 15.4;
					};
				};
			};
			buildConfigurationList = 760F2F732C7F636E008BB009 /* Build configuration list for PBXProject "GroupApp" */;
			compatibilityVersion = "Xcode 14.0";
			developmentRegion = en;
			hasScannedForEncodings = 0;
			knownRegions = (
				en,
				Base,
			);
			mainGroup = 760F2F6F2C7F636E008BB009;
			packageReferences = (
				7694FE072C804A8700F450B0 /* XCRemoteSwiftPackageReference "Kingfisher" */,
			);
			productRefGroup = 760F2F792C7F636E008BB009 /* Products */;
			projectDirPath = "";
			projectRoot = "";
			targets = (
				760F2F772C7F636E008BB009 /* GroupApp */,
			);
		};
/* End PBXProject section */

/* Begin PBXResourcesBuildPhase section */
		760F2F762C7F636E008BB009 /* Resources */ = {
			isa = PBXResourcesBuildPhase;
			buildActionMask = 2147483647;
			files = (
				760F2F832C7F6370008BB009 /* Preview Assets.xcassets in Resources */,
				760F2F802C7F6370008BB009 /* Assets.xcassets in Resources */,
			);
			runOnlyForDeploymentPostprocessing = 0;
		};
/* End PBXResourcesBuildPhase section */

/* Begin PBXSourcesBuildPhase section */
		760F2F742C7F636E008BB009 /* Sources */ = {
			isa = PBXSourcesBuildPhase;
			buildActionMask = 2147483647;
			files = (
				7694FDFF2C80345800F450B0 /* RoundedCornerShape.swift in Sources */,
				760F2F9F2C7F6EB7008BB009 /* GroupViewModel.swift in Sources */,
				7694FE062C8046C700F450B0 /* GroupInfoScreen.swift in Sources */,
				760F2FA72C7F6EE2008BB009 /* Constants.swift in Sources */,
				7694FE0F2C80B36C00F450B0 /* EditScreen.swift in Sources */,
				7694FDFB2C8032A200F450B0 /* GroupView.swift in Sources */,
				760F2F9C2C7F6E93008BB009 /* Group.swift in Sources */,
				760F2F852C7F6370008BB009 /* Persistence.swift in Sources */,
				7694FE012C80349200F450B0 /* GroupListView.swift in Sources */,
				760F2F7C2C7F636E008BB009 /* GroupApp.swift in Sources */,
				760F2FA22C7F6ECF008BB009 /* RequestServices.swift in Sources */,
				760F2F882C7F6370008BB009 /* GroupApp.xcdatamodeld in Sources */,
				760F2F982C7F6C8B008BB009 /* GroupEntity+CoreDataClass.swift in Sources */,
				760F2FAB2C7F6F84008BB009 /* MainTabView.swift in Sources */,
				76B4D0482C86C29B0072BEDC /* EditGroupViewModel.swift in Sources */,
				7694FE032C8034C100F450B0 /* GroupRowView.swift in Sources */,
				76B4D0462C86C28A0072BEDC /* GroupInfoViewModel.swift in Sources */,
				760F2F992C7F6C8B008BB009 /* GroupEntity+CoreDataProperties.swift in Sources */,
				760F2FA62C7F6EE2008BB009 /* NetworkError.swift in Sources */,
				7694FE0C2C8061A000F450B0 /* Color.swift in Sources */,
			);
			runOnlyForDeploymentPostprocessing = 0;
		};
/* End PBXSourcesBuildPhase section */

/* Begin XCBuildConfiguration section */
		760F2F892C7F6370008BB009 /* Debug */ = {
			isa = XCBuildConfiguration;
			buildSettings = {
				ALWAYS_SEARCH_USER_PATHS = NO;
				ASSETCATALOG_COMPILER_GENERATE_SWIFT_ASSET_SYMBOL_EXTENSIONS = YES;
				CLANG_ANALYZER_NONNULL = YES;
				CLANG_ANALYZER_NUMBER_OBJECT_CONVERSION = YES_AGGRESSIVE;
				CLANG_CXX_LANGUAGE_STANDARD = "gnu++20";
				CLANG_ENABLE_MODULES = YES;
				CLANG_ENABLE_OBJC_ARC = YES;
				CLANG_ENABLE_OBJC_WEAK = YES;
				CLANG_WARN_BLOCK_CAPTURE_AUTORELEASING = YES;
				CLANG_WARN_BOOL_CONVERSION = YES;
				CLANG_WARN_COMMA = YES;
				CLANG_WARN_CONSTANT_CONVERSION = YES;
				CLANG_WARN_DEPRECATED_OBJC_IMPLEMENTATIONS = YES;
				CLANG_WARN_DIRECT_OBJC_ISA_USAGE = YES_ERROR;
				CLANG_WARN_DOCUMENTATION_COMMENTS = YES;
				CLANG_WARN_EMPTY_BODY = YES;
				CLANG_WARN_ENUM_CONVERSION = YES;
				CLANG_WARN_INFINITE_RECURSION = YES;
				CLANG_WARN_INT_CONVERSION = YES;
				CLANG_WARN_NON_LITERAL_NULL_CONVERSION = YES;
				CLANG_WARN_OBJC_IMPLICIT_RETAIN_SELF = YES;
				CLANG_WARN_OBJC_LITERAL_CONVERSION = YES;
				CLANG_WARN_OBJC_ROOT_CLASS = YES_ERROR;
				CLANG_WARN_QUOTED_INCLUDE_IN_FRAMEWORK_HEADER = YES;
				CLANG_WARN_RANGE_LOOP_ANALYSIS = YES;
				CLANG_WARN_STRICT_PROTOTYPES = YES;
				CLANG_WARN_SUSPICIOUS_MOVE = YES;
				CLANG_WARN_UNGUARDED_AVAILABILITY = YES_AGGRESSIVE;
				CLANG_WARN_UNREACHABLE_CODE = YES;
				CLANG_WARN__DUPLICATE_METHOD_MATCH = YES;
				COPY_PHASE_STRIP = NO;
				DEBUG_INFORMATION_FORMAT = dwarf;
				ENABLE_STRICT_OBJC_MSGSEND = YES;
				ENABLE_TESTABILITY = YES;
				ENABLE_USER_SCRIPT_SANDBOXING = YES;
				GCC_C_LANGUAGE_STANDARD = gnu17;
				GCC_DYNAMIC_NO_PIC = NO;
				GCC_NO_COMMON_BLOCKS = YES;
				GCC_OPTIMIZATION_LEVEL = 0;
				GCC_PREPROCESSOR_DEFINITIONS = (
					"DEBUG=1",
					"$(inherited)",
				);
				GCC_WARN_64_TO_32_BIT_CONVERSION = YES;
				GCC_WARN_ABOUT_RETURN_TYPE = YES_ERROR;
				GCC_WARN_UNDECLARED_SELECTOR = YES;
				GCC_WARN_UNINITIALIZED_AUTOS = YES_AGGRESSIVE;
				GCC_WARN_UNUSED_FUNCTION = YES;
				GCC_WARN_UNUSED_VARIABLE = YES;
				IPHONEOS_DEPLOYMENT_TARGET = 17.5;
				LOCALIZATION_PREFERS_STRING_CATALOGS = YES;
				MTL_ENABLE_DEBUG_INFO = INCLUDE_SOURCE;
				MTL_FAST_MATH = YES;
				ONLY_ACTIVE_ARCH = YES;
				SDKROOT = iphoneos;
				SWIFT_ACTIVE_COMPILATION_CONDITIONS = "DEBUG $(inherited)";
				SWIFT_OPTIMIZATION_LEVEL = "-Onone";
			};
			name = Debug;
		};
		760F2F8A2C7F6370008BB009 /* Release */ = {
			isa = XCBuildConfiguration;
			buildSettings = {
				ALWAYS_SEARCH_USER_PATHS = NO;
				ASSETCATALOG_COMPILER_GENERATE_SWIFT_ASSET_SYMBOL_EXTENSIONS = YES;
				CLANG_ANALYZER_NONNULL = YES;
				CLANG_ANALYZER_NUMBER_OBJECT_CONVERSION = YES_AGGRESSIVE;
				CLANG_CXX_LANGUAGE_STANDARD = "gnu++20";
				CLANG_ENABLE_MODULES = YES;
				CLANG_ENABLE_OBJC_ARC = YES;
				CLANG_ENABLE_OBJC_WEAK = YES;
				CLANG_WARN_BLOCK_CAPTURE_AUTORELEASING = YES;
				CLANG_WARN_BOOL_CONVERSION = YES;
				CLANG_WARN_COMMA = YES;
				CLANG_WARN_CONSTANT_CONVERSION = YES;
				CLANG_WARN_DEPRECATED_OBJC_IMPLEMENTATIONS = YES;
				CLANG_WARN_DIRECT_OBJC_ISA_USAGE = YES_ERROR;
				CLANG_WARN_DOCUMENTATION_COMMENTS = YES;
				CLANG_WARN_EMPTY_BODY = YES;
				CLANG_WARN_ENUM_CONVERSION = YES;
				CLANG_WARN_INFINITE_RECURSION = YES;
				CLANG_WARN_INT_CONVERSION = YES;
				CLANG_WARN_NON_LITERAL_NULL_CONVERSION = YES;
				CLANG_WARN_OBJC_IMPLICIT_RETAIN_SELF = YES;
				CLANG_WARN_OBJC_LITERAL_CONVERSION = YES;
				CLANG_WARN_OBJC_ROOT_CLASS = YES_ERROR;
				CLANG_WARN_QUOTED_INCLUDE_IN_FRAMEWORK_HEADER = YES;
				CLANG_WARN_RANGE_LOOP_ANALYSIS = YES;
				CLANG_WARN_STRICT_PROTOTYPES = YES;
				CLANG_WARN_SUSPICIOUS_MOVE = YES;
				CLANG_WARN_UNGUARDED_AVAILABILITY = YES_AGGRESSIVE;
				CLANG_WARN_UNREACHABLE_CODE = YES;
				CLANG_WARN__DUPLICATE_METHOD_MATCH = YES;
				COPY_PHASE_STRIP = NO;
				DEBUG_INFORMATION_FORMAT = "dwarf-with-dsym";
				ENABLE_NS_ASSERTIONS = NO;
				ENABLE_STRICT_OBJC_MSGSEND = YES;
				ENABLE_USER_SCRIPT_SANDBOXING = YES;
				GCC_C_LANGUAGE_STANDARD = gnu17;
				GCC_NO_COMMON_BLOCKS = YES;
				GCC_WARN_64_TO_32_BIT_CONVERSION = YES;
				GCC_WARN_ABOUT_RETURN_TYPE = YES_ERROR;
				GCC_WARN_UNDECLARED_SELECTOR = YES;
				GCC_WARN_UNINITIALIZED_AUTOS = YES_AGGRESSIVE;
				GCC_WARN_UNUSED_FUNCTION = YES;
				GCC_WARN_UNUSED_VARIABLE = YES;
				IPHONEOS_DEPLOYMENT_TARGET = 17.5;
				LOCALIZATION_PREFERS_STRING_CATALOGS = YES;
				MTL_ENABLE_DEBUG_INFO = NO;
				MTL_FAST_MATH = YES;
				SDKROOT = iphoneos;
				SWIFT_COMPILATION_MODE = wholemodule;
				VALIDATE_PRODUCT = YES;
			};
			name = Release;
		};
		760F2F8C2C7F6370008BB009 /* Debug */ = {
			isa = XCBuildConfiguration;
			buildSettings = {
				ASSETCATALOG_COMPILER_APPICON_NAME = AppIcon;
				ASSETCATALOG_COMPILER_GLOBAL_ACCENT_COLOR_NAME = AccentColor;
				CODE_SIGN_STYLE = Automatic;
				CURRENT_PROJECT_VERSION = 1;
				DEVELOPMENT_ASSET_PATHS = "\"GroupApp/Preview Content\"";
				DEVELOPMENT_TEAM = 9YC7UP4F29;
				ENABLE_PREVIEWS = YES;
				GENERATE_INFOPLIST_FILE = YES;
				INFOPLIST_FILE = GroupApp/Info.plist;
				INFOPLIST_KEY_UIApplicationSceneManifest_Generation = YES;
				INFOPLIST_KEY_UIApplicationSupportsIndirectInputEvents = YES;
				INFOPLIST_KEY_UILaunchScreen_Generation = YES;
				INFOPLIST_KEY_UISupportedInterfaceOrientations_iPad = "UIInterfaceOrientationPortrait UIInterfaceOrientationPortraitUpsideDown UIInterfaceOrientationLandscapeLeft UIInterfaceOrientationLandscapeRight";
				INFOPLIST_KEY_UISupportedInterfaceOrientations_iPhone = "UIInterfaceOrientationPortrait UIInterfaceOrientationLandscapeLeft UIInterfaceOrientationLandscapeRight";
				LD_RUNPATH_SEARCH_PATHS = (
					"$(inherited)",
					"@executable_path/Frameworks",
				);
				MARKETING_VERSION = 1.0;
				PRODUCT_BUNDLE_IDENTIFIER = com.iOSMasterMind.GroupApp;
				PRODUCT_NAME = "$(TARGET_NAME)";
				SWIFT_EMIT_LOC_STRINGS = YES;
				SWIFT_VERSION = 5.0;
				TARGETED_DEVICE_FAMILY = "1,2";
			};
			name = Debug;
		};
		760F2F8D2C7F6370008BB009 /* Release */ = {
			isa = XCBuildConfiguration;
			buildSettings = {
				ASSETCATALOG_COMPILER_APPICON_NAME = AppIcon;
				ASSETCATALOG_COMPILER_GLOBAL_ACCENT_COLOR_NAME = AccentColor;
				CODE_SIGN_STYLE = Automatic;
				CURRENT_PROJECT_VERSION = 1;
				DEVELOPMENT_ASSET_PATHS = "\"GroupApp/Preview Content\"";
				DEVELOPMENT_TEAM = 9YC7UP4F29;
				ENABLE_PREVIEWS = YES;
				GENERATE_INFOPLIST_FILE = YES;
				INFOPLIST_FILE = GroupApp/Info.plist;
				INFOPLIST_KEY_UIApplicationSceneManifest_Generation = YES;
				INFOPLIST_KEY_UIApplicationSupportsIndirectInputEvents = YES;
				INFOPLIST_KEY_UILaunchScreen_Generation = YES;
				INFOPLIST_KEY_UISupportedInterfaceOrientations_iPad = "UIInterfaceOrientationPortrait UIInterfaceOrientationPortraitUpsideDown UIInterfaceOrientationLandscapeLeft UIInterfaceOrientationLandscapeRight";
				INFOPLIST_KEY_UISupportedInterfaceOrientations_iPhone = "UIInterfaceOrientationPortrait UIInterfaceOrientationLandscapeLeft UIInterfaceOrientationLandscapeRight";
				LD_RUNPATH_SEARCH_PATHS = (
					"$(inherited)",
					"@executable_path/Frameworks",
				);
				MARKETING_VERSION = 1.0;
				PRODUCT_BUNDLE_IDENTIFIER = com.iOSMasterMind.GroupApp;
				PRODUCT_NAME = "$(TARGET_NAME)";
				SWIFT_EMIT_LOC_STRINGS = YES;
				SWIFT_VERSION = 5.0;
				TARGETED_DEVICE_FAMILY = "1,2";
			};
			name = Release;
		};
/* End XCBuildConfiguration section */

/* Begin XCConfigurationList section */
		760F2F732C7F636E008BB009 /* Build configuration list for PBXProject "GroupApp" */ = {
			isa = XCConfigurationList;
			buildConfigurations = (
				760F2F892C7F6370008BB009 /* Debug */,
				760F2F8A2C7F6370008BB009 /* Release */,
			);
			defaultConfigurationIsVisible = 0;
			defaultConfigurationName = Release;
		};
		760F2F8B2C7F6370008BB009 /* Build configuration list for PBXNativeTarget "GroupApp" */ = {
			isa = XCConfigurationList;
			buildConfigurations = (
				760F2F8C2C7F6370008BB009 /* Debug */,
				760F2F8D2C7F6370008BB009 /* Release */,
			);
			defaultConfigurationIsVisible = 0;
			defaultConfigurationName = Release;
		};
/* End XCConfigurationList section */

/* Begin XCRemoteSwiftPackageReference section */
		7694FE072C804A8700F450B0 /* XCRemoteSwiftPackageReference "Kingfisher" */ = {
			isa = XCRemoteSwiftPackageReference;
			repositoryURL = "https://github.com/onevcat/Kingfisher.git";
			requirement = {
				kind = upToNextMajorVersion;
				minimumVersion = 7.12.0;
			};
		};
/* End XCRemoteSwiftPackageReference section */

/* Begin XCSwiftPackageProductDependency section */
		7694FE082C804A8700F450B0 /* Kingfisher */ = {
			isa = XCSwiftPackageProductDependency;
			package = 7694FE072C804A8700F450B0 /* XCRemoteSwiftPackageReference "Kingfisher" */;
			productName = Kingfisher;
		};
/* End XCSwiftPackageProductDependency section */

/* Begin XCVersionGroup section */
		760F2F862C7F6370008BB009 /* GroupApp.xcdatamodeld */ = {
			isa = XCVersionGroup;
			children = (
				760F2F872C7F6370008BB009 /* GroupApp.xcdatamodel */,
			);
			currentVersion = 760F2F872C7F6370008BB009 /* GroupApp.xcdatamodel */;
			path = GroupApp.xcdatamodeld;
			sourceTree = "<group>";
			versionGroupType = wrapper.xcdatamodel;
		};
/* End XCVersionGroup section */
	};
	rootObject = 760F2F702C7F636E008BB009 /* Project object */;
}
